
Microsoft Visual Studio Solution File, Format Version 12.00
# Visual Studio 2013
VisualStudioVersion = 12.0.21005.1
MinimumVisualStudioVersion = 10.0.40219.1
Project("{2150E333-8FDC-42A3-9474-1A3956D46DE8}") = ".nuget", ".nuget", "{759C8E56-090E-4A80-9836-57A99FCF5538}"
	ProjectSection(SolutionItems) = preProject
		.nuget\NuGet.Config = .nuget\NuGet.Config
		.nuget\NuGet.exe = .nuget\NuGet.exe
		.nuget\NuGet.targets = .nuget\NuGet.targets
	EndProjectSection
EndProject
Project("{2150E333-8FDC-42A3-9474-1A3956D46DE8}") = ".build", ".build", "{3A86964F-7AEE-44BF-B2A5-DDD1C971FF4D}"
	ProjectSection(SolutionItems) = preProject
		Build.proj = Build.proj
		.build\MSBuild.Community.Tasks.dll = .build\MSBuild.Community.Tasks.dll
		.build\MSBuild.Community.Tasks.targets = .build\MSBuild.Community.Tasks.targets
		.build\Version.targets = .build\Version.targets
	EndProjectSection
EndProject
Project("{FAE04EC0-301F-11D3-BF4B-00C04F79EFBC}") = "Model", "Model\Model.csproj", "{711CC508-53A8-4EDB-BBCA-B911935DA4B0}"
EndProject
Project("{FAE04EC0-301F-11D3-BF4B-00C04F79EFBC}") = "Reader", "Reader\Reader.csproj", "{4401FE23-F94A-4EDA-AA76-CCD53548E10E}"
EndProject
Project("{FAE04EC0-301F-11D3-BF4B-00C04F79EFBC}") = "Graph", "Graph\Graph.csproj", "{EFD2FC16-9536-4C25-9402-F728BA2F35DA}"
EndProject
Project("{2150E333-8FDC-42A3-9474-1A3956D46DE8}") = "Test", "Test", "{F3D569E6-113E-4CEA-AA23-E0B9CA8DA77A}"
EndProject
Project("{FAE04EC0-301F-11D3-BF4B-00C04F79EFBC}") = "Graph.Test", "Graph.Test\Graph.Test.csproj", "{FD947449-37E6-462B-88B9-8326194990E6}"
EndProject
Project("{FAE04EC0-301F-11D3-BF4B-00C04F79EFBC}") = "Reader.UnitTests", "Reader.UnitTests\Reader.UnitTests.csproj", "{1A9691A6-011C-4E3E-B84F-BF8461999813}"
EndProject
Project("{FAE04EC0-301F-11D3-BF4B-00C04F79EFBC}") = "Model.Test", "Model.Test\Model.Test.csproj", "{5A366168-777E-4CCB-92DC-13243870FF30}"
EndProject
Global
	GlobalSection(SolutionConfigurationPlatforms) = preSolution
		Debug|Any CPU = Debug|Any CPU
		Release|Any CPU = Release|Any CPU
	EndGlobalSection
	GlobalSection(ProjectConfigurationPlatforms) = postSolution
		{711CC508-53A8-4EDB-BBCA-B911935DA4B0}.Debug|Any CPU.ActiveCfg = Debug|Any CPU
		{711CC508-53A8-4EDB-BBCA-B911935DA4B0}.Debug|Any CPU.Build.0 = Debug|Any CPU
		{711CC508-53A8-4EDB-BBCA-B911935DA4B0}.Release|Any CPU.ActiveCfg = Release|Any CPU
		{711CC508-53A8-4EDB-BBCA-B911935DA4B0}.Release|Any CPU.Build.0 = Release|Any CPU
		{4401FE23-F94A-4EDA-AA76-CCD53548E10E}.Debug|Any CPU.ActiveCfg = Debug|Any CPU
		{4401FE23-F94A-4EDA-AA76-CCD53548E10E}.Debug|Any CPU.Build.0 = Debug|Any CPU
		{4401FE23-F94A-4EDA-AA76-CCD53548E10E}.Release|Any CPU.ActiveCfg = Release|Any CPU
		{4401FE23-F94A-4EDA-AA76-CCD53548E10E}.Release|Any CPU.Build.0 = Release|Any CPU
		{EFD2FC16-9536-4C25-9402-F728BA2F35DA}.Debug|Any CPU.ActiveCfg = Debug|Any CPU
		{EFD2FC16-9536-4C25-9402-F728BA2F35DA}.Debug|Any CPU.Build.0 = Debug|Any CPU
		{EFD2FC16-9536-4C25-9402-F728BA2F35DA}.Release|Any CPU.ActiveCfg = Release|Any CPU
		{EFD2FC16-9536-4C25-9402-F728BA2F35DA}.Release|Any CPU.Build.0 = Release|Any CPU
		{FD947449-37E6-462B-88B9-8326194990E6}.Debug|Any CPU.ActiveCfg = Debug|Any CPU
		{FD947449-37E6-462B-88B9-8326194990E6}.Debug|Any CPU.Build.0 = Debug|Any CPU
		{FD947449-37E6-462B-88B9-8326194990E6}.Release|Any CPU.ActiveCfg = Release|Any CPU
		{FD947449-37E6-462B-88B9-8326194990E6}.Release|Any CPU.Build.0 = Release|Any CPU
		{1A9691A6-011C-4E3E-B84F-BF8461999813}.Debug|Any CPU.ActiveCfg = Debug|Any CPU
		{1A9691A6-011C-4E3E-B84F-BF8461999813}.Debug|Any CPU.Build.0 = Debug|Any CPU
		{1A9691A6-011C-4E3E-B84F-BF8461999813}.Release|Any CPU.ActiveCfg = Release|Any CPU
		{1A9691A6-011C-4E3E-B84F-BF8461999813}.Release|Any CPU.Build.0 = Release|Any CPU
		{5A366168-777E-4CCB-92DC-13243870FF30}.Debug|Any CPU.ActiveCfg = Debug|Any CPU
		{5A366168-777E-4CCB-92DC-13243870FF30}.Debug|Any CPU.Build.0 = Debug|Any CPU
		{5A366168-777E-4CCB-92DC-13243870FF30}.Release|Any CPU.ActiveCfg = Release|Any CPU
		{5A366168-777E-4CCB-92DC-13243870FF30}.Release|Any CPU.Build.0 = Release|Any CPU
	EndGlobalSection
	GlobalSection(SolutionProperties) = preSolution
		HideSolutionNode = FALSE
	EndGlobalSection
	GlobalSection(NestedProjects) = preSolution
		{FD947449-37E6-462B-88B9-8326194990E6} = {F3D569E6-113E-4CEA-AA23-E0B9CA8DA77A}
		{1A9691A6-011C-4E3E-B84F-BF8461999813} = {F3D569E6-113E-4CEA-AA23-E0B9CA8DA77A}
		{5A366168-777E-4CCB-92DC-13243870FF30} = {F3D569E6-113E-4CEA-AA23-E0B9CA8DA77A}
	EndGlobalSection
EndGlobal
