
Microsoft Visual Studio Solution File, Format Version 12.00
# Visual Studio 2013
VisualStudioVersion = 12.0.21005.1
MinimumVisualStudioVersion = 10.0.40219.1
Project("{2150E333-8FDC-42A3-9474-1A3956D46DE8}") = ".nuget", ".nuget", "{759C8E56-090E-4A80-9836-57A99FCF5538}"
	ProjectSection(SolutionItems) = preProject
		.nuget\NuGet.Config = .nuget\NuGet.Config
		.nuget\NuGet.exe = .nuget\NuGet.exe
		.nuget\NuGet.targets = .nuget\NuGet.targets
	EndProjectSection
EndProject
Project("{2150E333-8FDC-42A3-9474-1A3956D46DE8}") = ".build", ".build", "{3A86964F-7AEE-44BF-B2A5-DDD1C971FF4D}"
	ProjectSection(SolutionItems) = preProject
		Build.proj = Build.proj
		.build\MSBuild.Community.Tasks.dll = .build\MSBuild.Community.Tasks.dll
		.build\MSBuild.Community.Tasks.targets = .build\MSBuild.Community.Tasks.targets
		.build\Version.targets = .build\Version.targets
	EndProjectSection
EndProject
Project("{FAE04EC0-301F-11D3-BF4B-00C04F79EFBC}") = "Model", "Model\Model.csproj", "{711CC508-53A8-4EDB-BBCA-B911935DA4B0}"
EndProject
Project("{FAE04EC0-301F-11D3-BF4B-00C04F79EFBC}") = "Reader", "Reader\Reader.csproj", "{4401FE23-F94A-4EDA-AA76-CCD53548E10E}"
EndProject
Project("{FAE04EC0-301F-11D3-BF4B-00C04F79EFBC}") = "Database", "Database\Database.csproj", "{1E30E5FD-25B1-4F18-A2C2-5F8AC2B80683}"
EndProject
Project("{FAE04EC0-301F-11D3-BF4B-00C04F79EFBC}") = "SortaDataChecker", "SortaDataChecker\SortaDataChecker.csproj", "{2DF9E208-BEF4-4BC3-AE8D-6CE3FCF729EC}"
EndProject
Project("{FAE04EC0-301F-11D3-BF4B-00C04F79EFBC}") = "Graph", "Graph\Graph.csproj", "{EFD2FC16-9536-4C25-9402-F728BA2F35DA}"
EndProject
Project("{FAE04EC0-301F-11D3-BF4B-00C04F79EFBC}") = "GraphVisualizer", "GraphVisualizer\GraphVisualizer.csproj", "{5481CFED-654C-4694-955A-DB8CA4FEC9FE}"
EndProject
Project("{FAE04EC0-301F-11D3-BF4B-00C04F79EFBC}") = "Heap", "Heap\Heap.csproj", "{B66C6D7D-6D28-41CD-9AD0-04A944ED5AF1}"
EndProject
Project("{2150E333-8FDC-42A3-9474-1A3956D46DE8}") = "Test", "Test", "{A7C97D81-BA09-405B-ABD7-23872311D68C}"
EndProject
Project("{2150E333-8FDC-42A3-9474-1A3956D46DE8}") = "Data Aquisition", "Data Aquisition", "{1607392B-A045-412C-B08D-883692A03005}"
EndProject
Project("{2150E333-8FDC-42A3-9474-1A3956D46DE8}") = "Test", "Test", "{F3D569E6-113E-4CEA-AA23-E0B9CA8DA77A}"
EndProject
Project("{FAE04EC0-301F-11D3-BF4B-00C04F79EFBC}") = "Heap.Test", "Heap.Test\Heap.Test.csproj", "{C68E9BFE-258E-4DD7-B7DC-760E9C6CCBD9}"
EndProject
Project("{FAE04EC0-301F-11D3-BF4B-00C04F79EFBC}") = "Graph.Test", "Graph.Test\Graph.Test.csproj", "{FD947449-37E6-462B-88B9-8326194990E6}"
EndProject
Project("{FAE04EC0-301F-11D3-BF4B-00C04F79EFBC}") = "Reader.UnitTests", "Reader.UnitTests\Reader.UnitTests.csproj", "{1A9691A6-011C-4E3E-B84F-BF8461999813}"
EndProject
Project("{FAE04EC0-301F-11D3-BF4B-00C04F79EFBC}") = "Dijkstras", "Dijkstras\Dijkstras.csproj", "{DCF5638F-CF4F-4502-B349-7F468942CA22}"
EndProject
Project("{FAE04EC0-301F-11D3-BF4B-00C04F79EFBC}") = "Model.Test", "Model.Test\Model.Test.csproj", "{5A366168-777E-4CCB-92DC-13243870FF30}"
EndProject
Project("{FAE04EC0-301F-11D3-BF4B-00C04F79EFBC}") = "ArchiveLoader", "ArchiveLoader\ArchiveLoader.csproj", "{2DB3694B-AF68-4B90-A374-D045269F43CE}"
EndProject
Project("{FAE04EC0-301F-11D3-BF4B-00C04F79EFBC}") = "ArchiveTool", "ArchiveTool\ArchiveTool.csproj", "{F9CF6793-FB64-4F5C-85E9-F1DC0AAD9D5B}"
EndProject
Global
	GlobalSection(SolutionConfigurationPlatforms) = preSolution
		Debug|Any CPU = Debug|Any CPU
		Release|Any CPU = Release|Any CPU
	EndGlobalSection
	GlobalSection(ProjectConfigurationPlatforms) = postSolution
		{711CC508-53A8-4EDB-BBCA-B911935DA4B0}.Debug|Any CPU.ActiveCfg = Debug|Any CPU
		{711CC508-53A8-4EDB-BBCA-B911935DA4B0}.Debug|Any CPU.Build.0 = Debug|Any CPU
		{711CC508-53A8-4EDB-BBCA-B911935DA4B0}.Release|Any CPU.ActiveCfg = Release|Any CPU
		{711CC508-53A8-4EDB-BBCA-B911935DA4B0}.Release|Any CPU.Build.0 = Release|Any CPU
		{4401FE23-F94A-4EDA-AA76-CCD53548E10E}.Debug|Any CPU.ActiveCfg = Debug|Any CPU
		{4401FE23-F94A-4EDA-AA76-CCD53548E10E}.Debug|Any CPU.Build.0 = Debug|Any CPU
		{4401FE23-F94A-4EDA-AA76-CCD53548E10E}.Release|Any CPU.ActiveCfg = Release|Any CPU
		{4401FE23-F94A-4EDA-AA76-CCD53548E10E}.Release|Any CPU.Build.0 = Release|Any CPU
		{1E30E5FD-25B1-4F18-A2C2-5F8AC2B80683}.Debug|Any CPU.ActiveCfg = Debug|Any CPU
		{1E30E5FD-25B1-4F18-A2C2-5F8AC2B80683}.Debug|Any CPU.Build.0 = Debug|Any CPU
		{1E30E5FD-25B1-4F18-A2C2-5F8AC2B80683}.Release|Any CPU.ActiveCfg = Release|Any CPU
		{1E30E5FD-25B1-4F18-A2C2-5F8AC2B80683}.Release|Any CPU.Build.0 = Release|Any CPU
		{2DF9E208-BEF4-4BC3-AE8D-6CE3FCF729EC}.Debug|Any CPU.ActiveCfg = Debug|Any CPU
		{2DF9E208-BEF4-4BC3-AE8D-6CE3FCF729EC}.Debug|Any CPU.Build.0 = Debug|Any CPU
		{2DF9E208-BEF4-4BC3-AE8D-6CE3FCF729EC}.Release|Any CPU.ActiveCfg = Release|Any CPU
		{2DF9E208-BEF4-4BC3-AE8D-6CE3FCF729EC}.Release|Any CPU.Build.0 = Release|Any CPU
		{EFD2FC16-9536-4C25-9402-F728BA2F35DA}.Debug|Any CPU.ActiveCfg = Debug|Any CPU
		{EFD2FC16-9536-4C25-9402-F728BA2F35DA}.Debug|Any CPU.Build.0 = Debug|Any CPU
		{EFD2FC16-9536-4C25-9402-F728BA2F35DA}.Release|Any CPU.ActiveCfg = Release|Any CPU
		{EFD2FC16-9536-4C25-9402-F728BA2F35DA}.Release|Any CPU.Build.0 = Release|Any CPU
		{5481CFED-654C-4694-955A-DB8CA4FEC9FE}.Debug|Any CPU.ActiveCfg = Debug|Any CPU
		{5481CFED-654C-4694-955A-DB8CA4FEC9FE}.Debug|Any CPU.Build.0 = Debug|Any CPU
		{5481CFED-654C-4694-955A-DB8CA4FEC9FE}.Release|Any CPU.ActiveCfg = Release|Any CPU
		{5481CFED-654C-4694-955A-DB8CA4FEC9FE}.Release|Any CPU.Build.0 = Release|Any CPU
		{B66C6D7D-6D28-41CD-9AD0-04A944ED5AF1}.Debug|Any CPU.ActiveCfg = Debug|Any CPU
		{B66C6D7D-6D28-41CD-9AD0-04A944ED5AF1}.Debug|Any CPU.Build.0 = Debug|Any CPU
		{B66C6D7D-6D28-41CD-9AD0-04A944ED5AF1}.Release|Any CPU.ActiveCfg = Release|Any CPU
		{B66C6D7D-6D28-41CD-9AD0-04A944ED5AF1}.Release|Any CPU.Build.0 = Release|Any CPU
		{C68E9BFE-258E-4DD7-B7DC-760E9C6CCBD9}.Debug|Any CPU.ActiveCfg = Debug|Any CPU
		{C68E9BFE-258E-4DD7-B7DC-760E9C6CCBD9}.Debug|Any CPU.Build.0 = Debug|Any CPU
		{C68E9BFE-258E-4DD7-B7DC-760E9C6CCBD9}.Release|Any CPU.ActiveCfg = Release|Any CPU
		{C68E9BFE-258E-4DD7-B7DC-760E9C6CCBD9}.Release|Any CPU.Build.0 = Release|Any CPU
		{FD947449-37E6-462B-88B9-8326194990E6}.Debug|Any CPU.ActiveCfg = Debug|Any CPU
		{FD947449-37E6-462B-88B9-8326194990E6}.Debug|Any CPU.Build.0 = Debug|Any CPU
		{FD947449-37E6-462B-88B9-8326194990E6}.Release|Any CPU.ActiveCfg = Release|Any CPU
		{FD947449-37E6-462B-88B9-8326194990E6}.Release|Any CPU.Build.0 = Release|Any CPU
		{1A9691A6-011C-4E3E-B84F-BF8461999813}.Debug|Any CPU.ActiveCfg = Debug|Any CPU
		{1A9691A6-011C-4E3E-B84F-BF8461999813}.Debug|Any CPU.Build.0 = Debug|Any CPU
		{1A9691A6-011C-4E3E-B84F-BF8461999813}.Release|Any CPU.ActiveCfg = Release|Any CPU
		{1A9691A6-011C-4E3E-B84F-BF8461999813}.Release|Any CPU.Build.0 = Release|Any CPU
		{DCF5638F-CF4F-4502-B349-7F468942CA22}.Debug|Any CPU.ActiveCfg = Debug|Any CPU
		{DCF5638F-CF4F-4502-B349-7F468942CA22}.Debug|Any CPU.Build.0 = Debug|Any CPU
		{DCF5638F-CF4F-4502-B349-7F468942CA22}.Release|Any CPU.ActiveCfg = Release|Any CPU
		{DCF5638F-CF4F-4502-B349-7F468942CA22}.Release|Any CPU.Build.0 = Release|Any CPU
		{5A366168-777E-4CCB-92DC-13243870FF30}.Debug|Any CPU.ActiveCfg = Debug|Any CPU
		{5A366168-777E-4CCB-92DC-13243870FF30}.Debug|Any CPU.Build.0 = Debug|Any CPU
		{5A366168-777E-4CCB-92DC-13243870FF30}.Release|Any CPU.ActiveCfg = Release|Any CPU
		{5A366168-777E-4CCB-92DC-13243870FF30}.Release|Any CPU.Build.0 = Release|Any CPU
		{2DB3694B-AF68-4B90-A374-D045269F43CE}.Debug|Any CPU.ActiveCfg = Debug|Any CPU
		{2DB3694B-AF68-4B90-A374-D045269F43CE}.Debug|Any CPU.Build.0 = Debug|Any CPU
		{2DB3694B-AF68-4B90-A374-D045269F43CE}.Release|Any CPU.ActiveCfg = Release|Any CPU
		{2DB3694B-AF68-4B90-A374-D045269F43CE}.Release|Any CPU.Build.0 = Release|Any CPU
		{F9CF6793-FB64-4F5C-85E9-F1DC0AAD9D5B}.Debug|Any CPU.ActiveCfg = Debug|Any CPU
		{F9CF6793-FB64-4F5C-85E9-F1DC0AAD9D5B}.Debug|Any CPU.Build.0 = Debug|Any CPU
		{F9CF6793-FB64-4F5C-85E9-F1DC0AAD9D5B}.Release|Any CPU.ActiveCfg = Release|Any CPU
		{F9CF6793-FB64-4F5C-85E9-F1DC0AAD9D5B}.Release|Any CPU.Build.0 = Release|Any CPU
	EndGlobalSection
	GlobalSection(SolutionProperties) = preSolution
		HideSolutionNode = FALSE
	EndGlobalSection
	GlobalSection(NestedProjects) = preSolution
		{2DF9E208-BEF4-4BC3-AE8D-6CE3FCF729EC} = {1607392B-A045-412C-B08D-883692A03005}
		{A7C97D81-BA09-405B-ABD7-23872311D68C} = {1607392B-A045-412C-B08D-883692A03005}
		{4401FE23-F94A-4EDA-AA76-CCD53548E10E} = {1607392B-A045-412C-B08D-883692A03005}
		{2DB3694B-AF68-4B90-A374-D045269F43CE} = {1607392B-A045-412C-B08D-883692A03005}
		{F9CF6793-FB64-4F5C-85E9-F1DC0AAD9D5B} = {1607392B-A045-412C-B08D-883692A03005}
		{1A9691A6-011C-4E3E-B84F-BF8461999813} = {A7C97D81-BA09-405B-ABD7-23872311D68C}
		{C68E9BFE-258E-4DD7-B7DC-760E9C6CCBD9} = {F3D569E6-113E-4CEA-AA23-E0B9CA8DA77A}
		{FD947449-37E6-462B-88B9-8326194990E6} = {F3D569E6-113E-4CEA-AA23-E0B9CA8DA77A}
		{DCF5638F-CF4F-4502-B349-7F468942CA22} = {F3D569E6-113E-4CEA-AA23-E0B9CA8DA77A}
		{5A366168-777E-4CCB-92DC-13243870FF30} = {F3D569E6-113E-4CEA-AA23-E0B9CA8DA77A}
	EndGlobalSection
EndGlobal
