
Microsoft Visual Studio Solution File, Format Version 12.00
# Visual Studio 2013
VisualStudioVersion = 12.0.21005.1
MinimumVisualStudioVersion = 10.0.40219.1
Project("{2150E333-8FDC-42A3-9474-1A3956D46DE8}") = ".build", ".build", "{E167DE0A-D73A-43AC-8B93-B58504452ECC}"
	ProjectSection(SolutionItems) = preProject
		Build.proj = Build.proj
		.build\MSBuild.Community.Tasks.dll = .build\MSBuild.Community.Tasks.dll
		.build\MSBuild.Community.Tasks.targets = .build\MSBuild.Community.Tasks.targets
	EndProjectSection
EndProject
Project("{2150E333-8FDC-42A3-9474-1A3956D46DE8}") = ".nuget", ".nuget", "{0D595715-DB6C-483A-AB3F-3E7AD3EAB248}"
	ProjectSection(SolutionItems) = preProject
		.nuget\packages.config = .nuget\packages.config
	EndProjectSection
EndProject
Project("{2150E333-8FDC-42A3-9474-1A3956D46DE8}") = "SDK", "SDK", "{46AFE8C9-ACDD-475C-8EAD-36D14C2FC1D0}"
EndProject
Project("{FAE04EC0-301F-11D3-BF4B-00C04F79EFBC}") = "Model", "Model\Model.csproj", "{711CC508-53A8-4EDB-BBCA-B911935DA4B0}"
EndProject
Project("{FAE04EC0-301F-11D3-BF4B-00C04F79EFBC}") = "OdjfsDatabase", "OdjfsDatabase\OdjfsDatabase.csproj", "{35DD36B4-FBFC-4D17-9F94-7E9B9DF80C86}"
EndProject
Project("{FAE04EC0-301F-11D3-BF4B-00C04F79EFBC}") = "SmartRoutes", "SmartRoutes\SmartRoutes.csproj", "{C25ECAB5-F6D3-470A-BEC4-9DAD4FFF6C12}"
	ProjectSection(ProjectDependencies) = postProject
		{D9F5EDFD-2744-453C-896D-22308DD7E69A} = {D9F5EDFD-2744-453C-896D-22308DD7E69A}
	EndProjectSection
EndProject
Project("{FAE04EC0-301F-11D3-BF4B-00C04F79EFBC}") = "SmartRoutesReferenceBuilder", "SmartRoutesReferenceBuilder\SmartRoutesReferenceBuilder.csproj", "{D9F5EDFD-2744-453C-896D-22308DD7E69A}"
EndProject
Project("{FAE04EC0-301F-11D3-BF4B-00C04F79EFBC}") = "GraphDemo", "GraphDemo\GraphDemo.csproj", "{C57128DB-CB93-4CDC-9A55-6BAB1D8C28A7}"
EndProject
Project("{FAE04EC0-301F-11D3-BF4B-00C04F79EFBC}") = "Graph", "Graph\Graph.csproj", "{EFD2FC16-9536-4C25-9402-F728BA2F35DA}"
EndProject
Project("{FAE04EC0-301F-11D3-BF4B-00C04F79EFBC}") = "Reader", "Reader\Reader.csproj", "{4401FE23-F94A-4EDA-AA76-CCD53548E10E}"
EndProject
Project("{FAE04EC0-301F-11D3-BF4B-00C04F79EFBC}") = "Heap", "Heap\Heap.csproj", "{B66C6D7D-6D28-41CD-9AD0-04A944ED5AF1}"
EndProject
Global
	GlobalSection(SolutionConfigurationPlatforms) = preSolution
		Debug|Any CPU = Debug|Any CPU
		Release|Any CPU = Release|Any CPU
	EndGlobalSection
	GlobalSection(ProjectConfigurationPlatforms) = postSolution
		{711CC508-53A8-4EDB-BBCA-B911935DA4B0}.Debug|Any CPU.ActiveCfg = Debug|Any CPU
		{711CC508-53A8-4EDB-BBCA-B911935DA4B0}.Debug|Any CPU.Build.0 = Debug|Any CPU
		{711CC508-53A8-4EDB-BBCA-B911935DA4B0}.Release|Any CPU.ActiveCfg = Release|Any CPU
		{711CC508-53A8-4EDB-BBCA-B911935DA4B0}.Release|Any CPU.Build.0 = Release|Any CPU
		{35DD36B4-FBFC-4D17-9F94-7E9B9DF80C86}.Debug|Any CPU.ActiveCfg = Debug|Any CPU
		{35DD36B4-FBFC-4D17-9F94-7E9B9DF80C86}.Debug|Any CPU.Build.0 = Debug|Any CPU
		{35DD36B4-FBFC-4D17-9F94-7E9B9DF80C86}.Release|Any CPU.ActiveCfg = Release|Any CPU
		{35DD36B4-FBFC-4D17-9F94-7E9B9DF80C86}.Release|Any CPU.Build.0 = Release|Any CPU
		{C25ECAB5-F6D3-470A-BEC4-9DAD4FFF6C12}.Debug|Any CPU.ActiveCfg = Debug|Any CPU
		{C25ECAB5-F6D3-470A-BEC4-9DAD4FFF6C12}.Debug|Any CPU.Build.0 = Debug|Any CPU
		{C25ECAB5-F6D3-470A-BEC4-9DAD4FFF6C12}.Release|Any CPU.ActiveCfg = Release|Any CPU
		{C25ECAB5-F6D3-470A-BEC4-9DAD4FFF6C12}.Release|Any CPU.Build.0 = Release|Any CPU
		{D9F5EDFD-2744-453C-896D-22308DD7E69A}.Debug|Any CPU.ActiveCfg = Debug|Any CPU
		{D9F5EDFD-2744-453C-896D-22308DD7E69A}.Debug|Any CPU.Build.0 = Debug|Any CPU
		{D9F5EDFD-2744-453C-896D-22308DD7E69A}.Release|Any CPU.ActiveCfg = Release|Any CPU
		{D9F5EDFD-2744-453C-896D-22308DD7E69A}.Release|Any CPU.Build.0 = Release|Any CPU
		{C57128DB-CB93-4CDC-9A55-6BAB1D8C28A7}.Debug|Any CPU.ActiveCfg = Debug|Any CPU
		{C57128DB-CB93-4CDC-9A55-6BAB1D8C28A7}.Debug|Any CPU.Build.0 = Debug|Any CPU
		{C57128DB-CB93-4CDC-9A55-6BAB1D8C28A7}.Release|Any CPU.ActiveCfg = Release|Any CPU
		{C57128DB-CB93-4CDC-9A55-6BAB1D8C28A7}.Release|Any CPU.Build.0 = Release|Any CPU
		{EFD2FC16-9536-4C25-9402-F728BA2F35DA}.Debug|Any CPU.ActiveCfg = Debug|Any CPU
		{EFD2FC16-9536-4C25-9402-F728BA2F35DA}.Debug|Any CPU.Build.0 = Debug|Any CPU
		{EFD2FC16-9536-4C25-9402-F728BA2F35DA}.Release|Any CPU.ActiveCfg = Release|Any CPU
		{EFD2FC16-9536-4C25-9402-F728BA2F35DA}.Release|Any CPU.Build.0 = Release|Any CPU
		{4401FE23-F94A-4EDA-AA76-CCD53548E10E}.Debug|Any CPU.ActiveCfg = Debug|Any CPU
		{4401FE23-F94A-4EDA-AA76-CCD53548E10E}.Debug|Any CPU.Build.0 = Debug|Any CPU
		{4401FE23-F94A-4EDA-AA76-CCD53548E10E}.Release|Any CPU.ActiveCfg = Release|Any CPU
		{4401FE23-F94A-4EDA-AA76-CCD53548E10E}.Release|Any CPU.Build.0 = Release|Any CPU
		{B66C6D7D-6D28-41CD-9AD0-04A944ED5AF1}.Debug|Any CPU.ActiveCfg = Debug|Any CPU
		{B66C6D7D-6D28-41CD-9AD0-04A944ED5AF1}.Debug|Any CPU.Build.0 = Debug|Any CPU
		{B66C6D7D-6D28-41CD-9AD0-04A944ED5AF1}.Release|Any CPU.ActiveCfg = Release|Any CPU
		{B66C6D7D-6D28-41CD-9AD0-04A944ED5AF1}.Release|Any CPU.Build.0 = Release|Any CPU
	EndGlobalSection
	GlobalSection(SolutionProperties) = preSolution
		HideSolutionNode = FALSE
	EndGlobalSection
	GlobalSection(NestedProjects) = preSolution
		{711CC508-53A8-4EDB-BBCA-B911935DA4B0} = {46AFE8C9-ACDD-475C-8EAD-36D14C2FC1D0}
		{EFD2FC16-9536-4C25-9402-F728BA2F35DA} = {46AFE8C9-ACDD-475C-8EAD-36D14C2FC1D0}
		{4401FE23-F94A-4EDA-AA76-CCD53548E10E} = {46AFE8C9-ACDD-475C-8EAD-36D14C2FC1D0}
		{B66C6D7D-6D28-41CD-9AD0-04A944ED5AF1} = {46AFE8C9-ACDD-475C-8EAD-36D14C2FC1D0}
	EndGlobalSection
EndGlobal
