
Microsoft Visual Studio Solution File, Format Version 12.00
# Visual Studio 2012
Project("{FAE04EC0-301F-11D3-BF4B-00C04F79EFBC}") = "CsQuery", "Submodules\CsQuery\source\CsQuery\CsQuery.csproj", "{C38DFFE9-321B-4941-B031-29D718AB5C31}"
EndProject
Project("{2150E333-8FDC-42A3-9474-1A3956D46DE8}") = ".nuget", ".nuget", "{759C8E56-090E-4A80-9836-57A99FCF5538}"
	ProjectSection(SolutionItems) = preProject
		.nuget\NuGet.Config = .nuget\NuGet.Config
		.nuget\NuGet.exe = .nuget\NuGet.exe
		.nuget\NuGet.targets = .nuget\NuGet.targets
	EndProjectSection
EndProject
Project("{FAE04EC0-301F-11D3-BF4B-00C04F79EFBC}") = "Model", "Model\Model.csproj", "{711CC508-53A8-4EDB-BBCA-B911935DA4B0}"
EndProject
Project("{FAE04EC0-301F-11D3-BF4B-00C04F79EFBC}") = "Scraper", "Scraper\Scraper.csproj", "{4401FE23-F94A-4EDA-AA76-CCD53548E10E}"
EndProject
Project("{FAE04EC0-301F-11D3-BF4B-00C04F79EFBC}") = "SortaCsvScraper", "SortaCsvScraper\SortaCsvScraper.csproj", "{00D91962-12C1-4729-A893-8BEEB1599C5E}"
EndProject
Project("{FAE04EC0-301F-11D3-BF4B-00C04F79EFBC}") = "Sandbox", "Sandbox\Sandbox.csproj", "{417D5E36-766A-48F1-AF87-AD11ADF695A7}"
EndProject
Global
	GlobalSection(SolutionConfigurationPlatforms) = preSolution
		Debug|Any CPU = Debug|Any CPU
		Release|Any CPU = Release|Any CPU
	EndGlobalSection
	GlobalSection(ProjectConfigurationPlatforms) = postSolution
		{C38DFFE9-321B-4941-B031-29D718AB5C31}.Debug|Any CPU.ActiveCfg = Debug|Any CPU
		{C38DFFE9-321B-4941-B031-29D718AB5C31}.Debug|Any CPU.Build.0 = Debug|Any CPU
		{C38DFFE9-321B-4941-B031-29D718AB5C31}.Release|Any CPU.ActiveCfg = Release|Any CPU
		{C38DFFE9-321B-4941-B031-29D718AB5C31}.Release|Any CPU.Build.0 = Release|Any CPU
		{711CC508-53A8-4EDB-BBCA-B911935DA4B0}.Debug|Any CPU.ActiveCfg = Debug|Any CPU
		{711CC508-53A8-4EDB-BBCA-B911935DA4B0}.Debug|Any CPU.Build.0 = Debug|Any CPU
		{711CC508-53A8-4EDB-BBCA-B911935DA4B0}.Release|Any CPU.ActiveCfg = Release|Any CPU
		{711CC508-53A8-4EDB-BBCA-B911935DA4B0}.Release|Any CPU.Build.0 = Release|Any CPU
		{4401FE23-F94A-4EDA-AA76-CCD53548E10E}.Debug|Any CPU.ActiveCfg = Debug|Any CPU
		{4401FE23-F94A-4EDA-AA76-CCD53548E10E}.Debug|Any CPU.Build.0 = Debug|Any CPU
		{4401FE23-F94A-4EDA-AA76-CCD53548E10E}.Release|Any CPU.ActiveCfg = Release|Any CPU
		{4401FE23-F94A-4EDA-AA76-CCD53548E10E}.Release|Any CPU.Build.0 = Release|Any CPU
		{00D91962-12C1-4729-A893-8BEEB1599C5E}.Debug|Any CPU.ActiveCfg = Debug|Any CPU
		{00D91962-12C1-4729-A893-8BEEB1599C5E}.Debug|Any CPU.Build.0 = Debug|Any CPU
		{00D91962-12C1-4729-A893-8BEEB1599C5E}.Release|Any CPU.ActiveCfg = Release|Any CPU
		{00D91962-12C1-4729-A893-8BEEB1599C5E}.Release|Any CPU.Build.0 = Release|Any CPU
		{417D5E36-766A-48F1-AF87-AD11ADF695A7}.Debug|Any CPU.ActiveCfg = Debug|Any CPU
		{417D5E36-766A-48F1-AF87-AD11ADF695A7}.Debug|Any CPU.Build.0 = Debug|Any CPU
		{417D5E36-766A-48F1-AF87-AD11ADF695A7}.Release|Any CPU.ActiveCfg = Release|Any CPU
		{417D5E36-766A-48F1-AF87-AD11ADF695A7}.Release|Any CPU.Build.0 = Release|Any CPU
	EndGlobalSection
	GlobalSection(SolutionProperties) = preSolution
		HideSolutionNode = FALSE
	EndGlobalSection
EndGlobal
