
Microsoft Visual Studio Solution File, Format Version 12.00
# Visual Studio 2013
VisualStudioVersion = 12.0.21005.1
MinimumVisualStudioVersion = 10.0.40219.1
Project("{2150E333-8FDC-42A3-9474-1A3956D46DE8}") = ".nuget", ".nuget", "{759C8E56-090E-4A80-9836-57A99FCF5538}"
	ProjectSection(SolutionItems) = preProject
		.nuget\NuGet.Config = .nuget\NuGet.Config
		.nuget\NuGet.exe = .nuget\NuGet.exe
		.nuget\NuGet.targets = .nuget\NuGet.targets
	EndProjectSection
EndProject
Project("{FAE04EC0-301F-11D3-BF4B-00C04F79EFBC}") = "Model", "Model\Model.csproj", "{711CC508-53A8-4EDB-BBCA-B911935DA4B0}"
EndProject
Project("{FAE04EC0-301F-11D3-BF4B-00C04F79EFBC}") = "Scraper", "Scraper\Scraper.csproj", "{4401FE23-F94A-4EDA-AA76-CCD53548E10E}"
EndProject
Project("{FAE04EC0-301F-11D3-BF4B-00C04F79EFBC}") = "SortaCsvScraper", "SortaCsvScraper\SortaCsvScraper.csproj", "{00D91962-12C1-4729-A893-8BEEB1599C5E}"
EndProject
Project("{FAE04EC0-301F-11D3-BF4B-00C04F79EFBC}") = "Sandbox", "Sandbox\Sandbox.csproj", "{417D5E36-766A-48F1-AF87-AD11ADF695A7}"
EndProject
Project("{FAE04EC0-301F-11D3-BF4B-00C04F79EFBC}") = "Database", "Database\Database.csproj", "{1E30E5FD-25B1-4F18-A2C2-5F8AC2B80683}"
EndProject
Project("{FAE04EC0-301F-11D3-BF4B-00C04F79EFBC}") = "OdjfsHtmlScraper", "OdjfsHtmlScraper\OdjfsHtmlScraper.csproj", "{393F1B81-3F51-45DC-976C-3BD31D2A71DE}"
EndProject
Project("{2150E333-8FDC-42A3-9474-1A3956D46DE8}") = ".build", ".build", "{3A86964F-7AEE-44BF-B2A5-DDD1C971FF4D}"
	ProjectSection(SolutionItems) = preProject
		Build.proj = Build.proj
		.build\MSBuild.Community.Tasks.dll = .build\MSBuild.Community.Tasks.dll
		.build\MSBuild.Community.Tasks.targets = .build\MSBuild.Community.Tasks.targets
	EndProjectSection
EndProject
Global
	GlobalSection(SolutionConfigurationPlatforms) = preSolution
		Debug|Any CPU = Debug|Any CPU
		Debug|x64 = Debug|x64
		Release|Any CPU = Release|Any CPU
		Release|x64 = Release|x64
	EndGlobalSection
	GlobalSection(ProjectConfigurationPlatforms) = postSolution
		{711CC508-53A8-4EDB-BBCA-B911935DA4B0}.Debug|Any CPU.ActiveCfg = Debug|Any CPU
		{711CC508-53A8-4EDB-BBCA-B911935DA4B0}.Debug|Any CPU.Build.0 = Debug|Any CPU
		{711CC508-53A8-4EDB-BBCA-B911935DA4B0}.Debug|x64.ActiveCfg = Debug|Any CPU
		{711CC508-53A8-4EDB-BBCA-B911935DA4B0}.Release|Any CPU.ActiveCfg = Release|Any CPU
		{711CC508-53A8-4EDB-BBCA-B911935DA4B0}.Release|Any CPU.Build.0 = Release|Any CPU
		{711CC508-53A8-4EDB-BBCA-B911935DA4B0}.Release|x64.ActiveCfg = Release|Any CPU
		{4401FE23-F94A-4EDA-AA76-CCD53548E10E}.Debug|Any CPU.ActiveCfg = Debug|Any CPU
		{4401FE23-F94A-4EDA-AA76-CCD53548E10E}.Debug|Any CPU.Build.0 = Debug|Any CPU
		{4401FE23-F94A-4EDA-AA76-CCD53548E10E}.Debug|x64.ActiveCfg = Debug|Any CPU
		{4401FE23-F94A-4EDA-AA76-CCD53548E10E}.Release|Any CPU.ActiveCfg = Release|Any CPU
		{4401FE23-F94A-4EDA-AA76-CCD53548E10E}.Release|Any CPU.Build.0 = Release|Any CPU
		{4401FE23-F94A-4EDA-AA76-CCD53548E10E}.Release|x64.ActiveCfg = Release|Any CPU
		{00D91962-12C1-4729-A893-8BEEB1599C5E}.Debug|Any CPU.ActiveCfg = Debug|Any CPU
		{00D91962-12C1-4729-A893-8BEEB1599C5E}.Debug|Any CPU.Build.0 = Debug|Any CPU
		{00D91962-12C1-4729-A893-8BEEB1599C5E}.Debug|x64.ActiveCfg = Debug|Any CPU
		{00D91962-12C1-4729-A893-8BEEB1599C5E}.Release|Any CPU.ActiveCfg = Release|Any CPU
		{00D91962-12C1-4729-A893-8BEEB1599C5E}.Release|Any CPU.Build.0 = Release|Any CPU
		{00D91962-12C1-4729-A893-8BEEB1599C5E}.Release|x64.ActiveCfg = Release|Any CPU
		{417D5E36-766A-48F1-AF87-AD11ADF695A7}.Debug|Any CPU.ActiveCfg = Debug|Any CPU
		{417D5E36-766A-48F1-AF87-AD11ADF695A7}.Debug|Any CPU.Build.0 = Debug|Any CPU
		{417D5E36-766A-48F1-AF87-AD11ADF695A7}.Debug|x64.ActiveCfg = Debug|Any CPU
		{417D5E36-766A-48F1-AF87-AD11ADF695A7}.Release|Any CPU.ActiveCfg = Release|Any CPU
		{417D5E36-766A-48F1-AF87-AD11ADF695A7}.Release|Any CPU.Build.0 = Release|Any CPU
		{417D5E36-766A-48F1-AF87-AD11ADF695A7}.Release|x64.ActiveCfg = Release|Any CPU
		{1E30E5FD-25B1-4F18-A2C2-5F8AC2B80683}.Debug|Any CPU.ActiveCfg = Debug|Any CPU
		{1E30E5FD-25B1-4F18-A2C2-5F8AC2B80683}.Debug|Any CPU.Build.0 = Debug|Any CPU
		{1E30E5FD-25B1-4F18-A2C2-5F8AC2B80683}.Debug|x64.ActiveCfg = Debug|Any CPU
		{1E30E5FD-25B1-4F18-A2C2-5F8AC2B80683}.Release|Any CPU.ActiveCfg = Release|Any CPU
		{1E30E5FD-25B1-4F18-A2C2-5F8AC2B80683}.Release|Any CPU.Build.0 = Release|Any CPU
		{1E30E5FD-25B1-4F18-A2C2-5F8AC2B80683}.Release|x64.ActiveCfg = Release|Any CPU
		{393F1B81-3F51-45DC-976C-3BD31D2A71DE}.Debug|Any CPU.ActiveCfg = Debug|Any CPU
		{393F1B81-3F51-45DC-976C-3BD31D2A71DE}.Debug|Any CPU.Build.0 = Debug|Any CPU
		{393F1B81-3F51-45DC-976C-3BD31D2A71DE}.Debug|x64.ActiveCfg = Debug|Any CPU
		{393F1B81-3F51-45DC-976C-3BD31D2A71DE}.Release|Any CPU.ActiveCfg = Release|Any CPU
		{393F1B81-3F51-45DC-976C-3BD31D2A71DE}.Release|Any CPU.Build.0 = Release|Any CPU
		{393F1B81-3F51-45DC-976C-3BD31D2A71DE}.Release|x64.ActiveCfg = Release|Any CPU
	EndGlobalSection
	GlobalSection(SolutionProperties) = preSolution
		HideSolutionNode = FALSE
	EndGlobalSection
EndGlobal
